
Microsoft Visual Studio Solution File, Format Version 12.00
# Visual Studio 15
VisualStudioVersion = 15.0.28010.2036
MinimumVisualStudioVersion = 10.0.40219.1
Project("{FAE04EC0-301F-11D3-BF4B-00C04F79EFBC}") = "MoulaCodeChallenge", "MoulaCodeChallenge\MoulaCodeChallenge.csproj", "{53DAB192-A85F-43AD-84AC-C83493F9477C}"
EndProject
Project("{FAE04EC0-301F-11D3-BF4B-00C04F79EFBC}") = "MoulaCodeChallenge.Tests", "MoulaCodeChallenge.Tests\MoulaCodeChallenge.Tests.csproj", "{C5F4CE7A-DAA0-439E-B622-03CA8B4A370F}"
EndProject
Global
	GlobalSection(SolutionConfigurationPlatforms) = preSolution
		Debug|Any CPU = Debug|Any CPU
		Release|Any CPU = Release|Any CPU
	EndGlobalSection
	GlobalSection(ProjectConfigurationPlatforms) = postSolution
		{53DAB192-A85F-43AD-84AC-C83493F9477C}.Debug|Any CPU.ActiveCfg = Debug|Any CPU
		{53DAB192-A85F-43AD-84AC-C83493F9477C}.Debug|Any CPU.Build.0 = Debug|Any CPU
		{53DAB192-A85F-43AD-84AC-C83493F9477C}.Release|Any CPU.ActiveCfg = Release|Any CPU
		{53DAB192-A85F-43AD-84AC-C83493F9477C}.Release|Any CPU.Build.0 = Release|Any CPU
		{C5F4CE7A-DAA0-439E-B622-03CA8B4A370F}.Debug|Any CPU.ActiveCfg = Debug|Any CPU
		{C5F4CE7A-DAA0-439E-B622-03CA8B4A370F}.Debug|Any CPU.Build.0 = Debug|Any CPU
		{C5F4CE7A-DAA0-439E-B622-03CA8B4A370F}.Release|Any CPU.ActiveCfg = Release|Any CPU
		{C5F4CE7A-DAA0-439E-B622-03CA8B4A370F}.Release|Any CPU.Build.0 = Release|Any CPU
	EndGlobalSection
	GlobalSection(SolutionProperties) = preSolution
		HideSolutionNode = FALSE
	EndGlobalSection
	GlobalSection(ExtensibilityGlobals) = postSolution
		SolutionGuid = {04F47E11-C997-4001-B957-B6B5671EF45E}
	EndGlobalSection
EndGlobal
